// !$*UTF8*$!
{
	archiveVersion = 1;
	classes = {
	};
	objectVersion = 56;
	objects = {

/* Begin PBXBuildFile section */
		C1B7427E2B75F7FC003F84B7 /* XLIFF_Localizer_TestcasesApp.swift in Sources */ = {isa = PBXBuildFile; fileRef = C1B7427D2B75F7FC003F84B7 /* XLIFF_Localizer_TestcasesApp.swift */; };
		C1B742802B75F7FC003F84B7 /* ContentView.swift in Sources */ = {isa = PBXBuildFile; fileRef = C1B7427F2B75F7FC003F84B7 /* ContentView.swift */; };
		C1B742822B75F805003F84B7 /* Assets.xcassets in Resources */ = {isa = PBXBuildFile; fileRef = C1B742812B75F805003F84B7 /* Assets.xcassets */; };
		C1B742852B75F805003F84B7 /* Preview Assets.xcassets in Resources */ = {isa = PBXBuildFile; fileRef = C1B742842B75F805003F84B7 /* Preview Assets.xcassets */; };
		C1B7428D2B75F987003F84B7 /* Localizable.xcstrings in Resources */ = {isa = PBXBuildFile; fileRef = C1B7428C2B75F987003F84B7 /* Localizable.xcstrings */; };
		C1B7428F2B75FA4B003F84B7 /* SecondCatalog.xcstrings in Resources */ = {isa = PBXBuildFile; fileRef = C1B7428E2B75FA4B003F84B7 /* SecondCatalog.xcstrings */; };
/* End PBXBuildFile section */

/* Begin PBXFileReference section */
		C1B7427A2B75F7FC003F84B7 /* XLIFF Localizer Testcases.app */ = {isa = PBXFileReference; explicitFileType = wrapper.application; includeInIndex = 0; path = "XLIFF Localizer Testcases.app"; sourceTree = BUILT_PRODUCTS_DIR; };
		C1B7427D2B75F7FC003F84B7 /* XLIFF_Localizer_TestcasesApp.swift */ = {isa = PBXFileReference; lastKnownFileType = sourcecode.swift; path = XLIFF_Localizer_TestcasesApp.swift; sourceTree = "<group>"; };
		C1B7427F2B75F7FC003F84B7 /* ContentView.swift */ = {isa = PBXFileReference; lastKnownFileType = sourcecode.swift; path = ContentView.swift; sourceTree = "<group>"; };
		C1B742812B75F805003F84B7 /* Assets.xcassets */ = {isa = PBXFileReference; lastKnownFileType = folder.assetcatalog; path = Assets.xcassets; sourceTree = "<group>"; };
		C1B742842B75F805003F84B7 /* Preview Assets.xcassets */ = {isa = PBXFileReference; lastKnownFileType = folder.assetcatalog; path = "Preview Assets.xcassets"; sourceTree = "<group>"; };
		C1B742862B75F805003F84B7 /* XLIFF_Localizer_Testcases.entitlements */ = {isa = PBXFileReference; lastKnownFileType = text.plist.entitlements; path = XLIFF_Localizer_Testcases.entitlements; sourceTree = "<group>"; };
		C1B7428C2B75F987003F84B7 /* Localizable.xcstrings */ = {isa = PBXFileReference; lastKnownFileType = text.json.xcstrings; path = Localizable.xcstrings; sourceTree = "<group>"; };
		C1B7428E2B75FA4B003F84B7 /* SecondCatalog.xcstrings */ = {isa = PBXFileReference; lastKnownFileType = text.json.xcstrings; path = SecondCatalog.xcstrings; sourceTree = "<group>"; };
/* End PBXFileReference section */

/* Begin PBXFrameworksBuildPhase section */
		C1B742772B75F7FC003F84B7 /* Frameworks */ = {
			isa = PBXFrameworksBuildPhase;
			buildActionMask = 2147483647;
			files = (
			);
			runOnlyForDeploymentPostprocessing = 0;
		};
/* End PBXFrameworksBuildPhase section */

/* Begin PBXGroup section */
		C1B742712B75F7FC003F84B7 = {
			isa = PBXGroup;
			children = (
				C1B7427C2B75F7FC003F84B7 /* XLIFF Localizer Testcases */,
				C1B7427B2B75F7FC003F84B7 /* Products */,
			);
			sourceTree = "<group>";
		};
		C1B7427B2B75F7FC003F84B7 /* Products */ = {
			isa = PBXGroup;
			children = (
				C1B7427A2B75F7FC003F84B7 /* XLIFF Localizer Testcases.app */,
			);
			name = Products;
			sourceTree = "<group>";
		};
		C1B7427C2B75F7FC003F84B7 /* XLIFF Localizer Testcases */ = {
			isa = PBXGroup;
			children = (
				C1B7427D2B75F7FC003F84B7 /* XLIFF_Localizer_TestcasesApp.swift */,
				C1B7427F2B75F7FC003F84B7 /* ContentView.swift */,
				C1B7428C2B75F987003F84B7 /* Localizable.xcstrings */,
				C1B7428E2B75FA4B003F84B7 /* SecondCatalog.xcstrings */,
				C1B742812B75F805003F84B7 /* Assets.xcassets */,
				C1B742862B75F805003F84B7 /* XLIFF_Localizer_Testcases.entitlements */,
				C1B742832B75F805003F84B7 /* Preview Content */,
			);
			path = "XLIFF Localizer Testcases";
			sourceTree = "<group>";
		};
		C1B742832B75F805003F84B7 /* Preview Content */ = {
			isa = PBXGroup;
			children = (
				C1B742842B75F805003F84B7 /* Preview Assets.xcassets */,
			);
			path = "Preview Content";
			sourceTree = "<group>";
		};
/* End PBXGroup section */

/* Begin PBXNativeTarget section */
		C1B742792B75F7FC003F84B7 /* XLIFF Localizer Testcases */ = {
			isa = PBXNativeTarget;
			buildConfigurationList = C1B742892B75F805003F84B7 /* Build configuration list for PBXNativeTarget "XLIFF Localizer Testcases" */;
			buildPhases = (
				C1B742762B75F7FC003F84B7 /* Sources */,
				C1B742772B75F7FC003F84B7 /* Frameworks */,
				C1B742782B75F7FC003F84B7 /* Resources */,
			);
			buildRules = (
			);
			dependencies = (
			);
			name = "XLIFF Localizer Testcases";
			productName = "XLIFF Localizer Testcases";
			productReference = C1B7427A2B75F7FC003F84B7 /* XLIFF Localizer Testcases.app */;
			productType = "com.apple.product-type.application";
		};
/* End PBXNativeTarget section */

/* Begin PBXProject section */
		C1B742722B75F7FC003F84B7 /* Project object */ = {
			isa = PBXProject;
			attributes = {
				BuildIndependentTargetsInParallel = 1;
				LastSwiftUpdateCheck = 1520;
				LastUpgradeCheck = 1520;
				TargetAttributes = {
					C1B742792B75F7FC003F84B7 = {
						CreatedOnToolsVersion = 15.2;
					};
				};
			};
			buildConfigurationList = C1B742752B75F7FC003F84B7 /* Build configuration list for PBXProject "XLIFF Localizer Testcases" */;
			compatibilityVersion = "Xcode 14.0";
			developmentRegion = en;
			hasScannedForEncodings = 0;
			knownRegions = (
				en,
				Base,
				de,
				uk,
				sv,
				"zh-Hans",
				"nl-NL",
			);
			mainGroup = C1B742712B75F7FC003F84B7;
			productRefGroup = C1B7427B2B75F7FC003F84B7 /* Products */;
			projectDirPath = "";
			projectRoot = "";
			targets = (
				C1B742792B75F7FC003F84B7 /* XLIFF Localizer Testcases */,
			);
		};
/* End PBXProject section */

/* Begin PBXResourcesBuildPhase section */
		C1B742782B75F7FC003F84B7 /* Resources */ = {
			isa = PBXResourcesBuildPhase;
			buildActionMask = 2147483647;
			files = (
				C1B742852B75F805003F84B7 /* Preview Assets.xcassets in Resources */,
				C1B7428F2B75FA4B003F84B7 /* SecondCatalog.xcstrings in Resources */,
				C1B742822B75F805003F84B7 /* Assets.xcassets in Resources */,
				C1B7428D2B75F987003F84B7 /* Localizable.xcstrings in Resources */,
			);
			runOnlyForDeploymentPostprocessing = 0;
		};
/* End PBXResourcesBuildPhase section */

/* Begin PBXSourcesBuildPhase section */
		C1B742762B75F7FC003F84B7 /* Sources */ = {
			isa = PBXSourcesBuildPhase;
			buildActionMask = 2147483647;
			files = (
				C1B742802B75F7FC003F84B7 /* ContentView.swift in Sources */,
				C1B7427E2B75F7FC003F84B7 /* XLIFF_Localizer_TestcasesApp.swift in Sources */,
			);
			runOnlyForDeploymentPostprocessing = 0;
		};
/* End PBXSourcesBuildPhase section */

/* Begin XCBuildConfiguration section */
		C1B742872B75F805003F84B7 /* Debug */ = {
			isa = XCBuildConfiguration;
			buildSettings = {
				ALWAYS_SEARCH_USER_PATHS = NO;
				ASSETCATALOG_COMPILER_GENERATE_SWIFT_ASSET_SYMBOL_EXTENSIONS = YES;
				CLANG_ANALYZER_NONNULL = YES;
				CLANG_ANALYZER_NUMBER_OBJECT_CONVERSION = YES_AGGRESSIVE;
				CLANG_CXX_LANGUAGE_STANDARD = "gnu++20";
				CLANG_ENABLE_MODULES = YES;
				CLANG_ENABLE_OBJC_ARC = YES;
				CLANG_ENABLE_OBJC_WEAK = YES;
				CLANG_WARN_BLOCK_CAPTURE_AUTORELEASING = YES;
				CLANG_WARN_BOOL_CONVERSION = YES;
				CLANG_WARN_COMMA = YES;
				CLANG_WARN_CONSTANT_CONVERSION = YES;
				CLANG_WARN_DEPRECATED_OBJC_IMPLEMENTATIONS = YES;
				CLANG_WARN_DIRECT_OBJC_ISA_USAGE = YES_ERROR;
				CLANG_WARN_DOCUMENTATION_COMMENTS = YES;
				CLANG_WARN_EMPTY_BODY = YES;
				CLANG_WARN_ENUM_CONVERSION = YES;
				CLANG_WARN_INFINITE_RECURSION = YES;
				CLANG_WARN_INT_CONVERSION = YES;
				CLANG_WARN_NON_LITERAL_NULL_CONVERSION = YES;
				CLANG_WARN_OBJC_IMPLICIT_RETAIN_SELF = YES;
				CLANG_WARN_OBJC_LITERAL_CONVERSION = YES;
				CLANG_WARN_OBJC_ROOT_CLASS = YES_ERROR;
				CLANG_WARN_QUOTED_INCLUDE_IN_FRAMEWORK_HEADER = YES;
				CLANG_WARN_RANGE_LOOP_ANALYSIS = YES;
				CLANG_WARN_STRICT_PROTOTYPES = YES;
				CLANG_WARN_SUSPICIOUS_MOVE = YES;
				CLANG_WARN_UNGUARDED_AVAILABILITY = YES_AGGRESSIVE;
				CLANG_WARN_UNREACHABLE_CODE = YES;
				CLANG_WARN__DUPLICATE_METHOD_MATCH = YES;
				COPY_PHASE_STRIP = NO;
				DEBUG_INFORMATION_FORMAT = dwarf;
				ENABLE_STRICT_OBJC_MSGSEND = YES;
				ENABLE_TESTABILITY = YES;
				ENABLE_USER_SCRIPT_SANDBOXING = YES;
				GCC_C_LANGUAGE_STANDARD = gnu17;
				GCC_DYNAMIC_NO_PIC = NO;
				GCC_NO_COMMON_BLOCKS = YES;
				GCC_OPTIMIZATION_LEVEL = 0;
				GCC_PREPROCESSOR_DEFINITIONS = (
					"DEBUG=1",
					"$(inherited)",
				);
				GCC_WARN_64_TO_32_BIT_CONVERSION = YES;
				GCC_WARN_ABOUT_RETURN_TYPE = YES_ERROR;
				GCC_WARN_UNDECLARED_SELECTOR = YES;
				GCC_WARN_UNINITIALIZED_AUTOS = YES_AGGRESSIVE;
				GCC_WARN_UNUSED_FUNCTION = YES;
				GCC_WARN_UNUSED_VARIABLE = YES;
				LOCALIZATION_PREFERS_STRING_CATALOGS = YES;
				MACOSX_DEPLOYMENT_TARGET = 14.2;
				MTL_ENABLE_DEBUG_INFO = INCLUDE_SOURCE;
				MTL_FAST_MATH = YES;
				ONLY_ACTIVE_ARCH = YES;
				SDKROOT = macosx;
				SWIFT_ACTIVE_COMPILATION_CONDITIONS = "DEBUG $(inherited)";
				SWIFT_OPTIMIZATION_LEVEL = "-Onone";
			};
			name = Debug;
		};
		C1B742882B75F805003F84B7 /* Release */ = {
			isa = XCBuildConfiguration;
			buildSettings = {
				ALWAYS_SEARCH_USER_PATHS = NO;
				ASSETCATALOG_COMPILER_GENERATE_SWIFT_ASSET_SYMBOL_EXTENSIONS = YES;
				CLANG_ANALYZER_NONNULL = YES;
				CLANG_ANALYZER_NUMBER_OBJECT_CONVERSION = YES_AGGRESSIVE;
				CLANG_CXX_LANGUAGE_STANDARD = "gnu++20";
				CLANG_ENABLE_MODULES = YES;
				CLANG_ENABLE_OBJC_ARC = YES;
				CLANG_ENABLE_OBJC_WEAK = YES;
				CLANG_WARN_BLOCK_CAPTURE_AUTORELEASING = YES;
				CLANG_WARN_BOOL_CONVERSION = YES;
				CLANG_WARN_COMMA = YES;
				CLANG_WARN_CONSTANT_CONVERSION = YES;
				CLANG_WARN_DEPRECATED_OBJC_IMPLEMENTATIONS = YES;
				CLANG_WARN_DIRECT_OBJC_ISA_USAGE = YES_ERROR;
				CLANG_WARN_DOCUMENTATION_COMMENTS = YES;
				CLANG_WARN_EMPTY_BODY = YES;
				CLANG_WARN_ENUM_CONVERSION = YES;
				CLANG_WARN_INFINITE_RECURSION = YES;
				CLANG_WARN_INT_CONVERSION = YES;
				CLANG_WARN_NON_LITERAL_NULL_CONVERSION = YES;
				CLANG_WARN_OBJC_IMPLICIT_RETAIN_SELF = YES;
				CLANG_WARN_OBJC_LITERAL_CONVERSION = YES;
				CLANG_WARN_OBJC_ROOT_CLASS = YES_ERROR;
				CLANG_WARN_QUOTED_INCLUDE_IN_FRAMEWORK_HEADER = YES;
				CLANG_WARN_RANGE_LOOP_ANALYSIS = YES;
				CLANG_WARN_STRICT_PROTOTYPES = YES;
				CLANG_WARN_SUSPICIOUS_MOVE = YES;
				CLANG_WARN_UNGUARDED_AVAILABILITY = YES_AGGRESSIVE;
				CLANG_WARN_UNREACHABLE_CODE = YES;
				CLANG_WARN__DUPLICATE_METHOD_MATCH = YES;
				COPY_PHASE_STRIP = NO;
				DEBUG_INFORMATION_FORMAT = "dwarf-with-dsym";
				ENABLE_NS_ASSERTIONS = NO;
				ENABLE_STRICT_OBJC_MSGSEND = YES;
				ENABLE_USER_SCRIPT_SANDBOXING = YES;
				GCC_C_LANGUAGE_STANDARD = gnu17;
				GCC_NO_COMMON_BLOCKS = YES;
				GCC_WARN_64_TO_32_BIT_CONVERSION = YES;
				GCC_WARN_ABOUT_RETURN_TYPE = YES_ERROR;
				GCC_WARN_UNDECLARED_SELECTOR = YES;
				GCC_WARN_UNINITIALIZED_AUTOS = YES_AGGRESSIVE;
				GCC_WARN_UNUSED_FUNCTION = YES;
				GCC_WARN_UNUSED_VARIABLE = YES;
				LOCALIZATION_PREFERS_STRING_CATALOGS = YES;
				MACOSX_DEPLOYMENT_TARGET = 14.2;
				MTL_ENABLE_DEBUG_INFO = NO;
				MTL_FAST_MATH = YES;
				SDKROOT = macosx;
				SWIFT_COMPILATION_MODE = wholemodule;
			};
			name = Release;
		};
		C1B7428A2B75F805003F84B7 /* Debug */ = {
			isa = XCBuildConfiguration;
			buildSettings = {
				ASSETCATALOG_COMPILER_APPICON_NAME = AppIcon;
				ASSETCATALOG_COMPILER_GLOBAL_ACCENT_COLOR_NAME = AccentColor;
				CODE_SIGN_ENTITLEMENTS = "XLIFF Localizer Testcases/XLIFF_Localizer_Testcases.entitlements";
				CODE_SIGN_STYLE = Automatic;
				COMBINE_HIDPI_IMAGES = YES;
				CURRENT_PROJECT_VERSION = 1;
				DEVELOPMENT_ASSET_PATHS = "\"XLIFF Localizer Testcases/Preview Content\"";
				DEVELOPMENT_TEAM = 224Y88VP9B;
				ENABLE_HARDENED_RUNTIME = YES;
				ENABLE_PREVIEWS = YES;
				GENERATE_INFOPLIST_FILE = YES;
				INFOPLIST_KEY_LSApplicationCategoryType = "public.app-category.developer-tools";
				INFOPLIST_KEY_NSHumanReadableCopyright = "";
				INFOPLIST_KEY_UISupportedInterfaceOrientations = UIInterfaceOrientationPortrait;
				LD_RUNPATH_SEARCH_PATHS = (
					"$(inherited)",
					"@executable_path/../Frameworks",
				);
				MARKETING_VERSION = 1.0;
				PRODUCT_BUNDLE_IDENTIFIER = "com.prosultsstudio.XLIFF-Localizer-Testcases";
				PRODUCT_NAME = "$(TARGET_NAME)";
				SUPPORTED_PLATFORMS = "iphoneos iphonesimulator";
				SUPPORTS_MACCATALYST = NO;
				SWIFT_EMIT_LOC_STRINGS = YES;
				SWIFT_VERSION = 5.0;
				TARGETED_DEVICE_FAMILY = 1;
			};
			name = Debug;
		};
		C1B7428B2B75F805003F84B7 /* Release */ = {
			isa = XCBuildConfiguration;
			buildSettings = {
				ASSETCATALOG_COMPILER_APPICON_NAME = AppIcon;
				ASSETCATALOG_COMPILER_GLOBAL_ACCENT_COLOR_NAME = AccentColor;
				CODE_SIGN_ENTITLEMENTS = "XLIFF Localizer Testcases/XLIFF_Localizer_Testcases.entitlements";
				CODE_SIGN_STYLE = Automatic;
				COMBINE_HIDPI_IMAGES = YES;
				CURRENT_PROJECT_VERSION = 1;
				DEVELOPMENT_ASSET_PATHS = "\"XLIFF Localizer Testcases/Preview Content\"";
				DEVELOPMENT_TEAM = 224Y88VP9B;
				ENABLE_HARDENED_RUNTIME = YES;
				ENABLE_PREVIEWS = YES;
				GENERATE_INFOPLIST_FILE = YES;
				INFOPLIST_KEY_LSApplicationCategoryType = "public.app-category.developer-tools";
				INFOPLIST_KEY_NSHumanReadableCopyright = "";
				INFOPLIST_KEY_UISupportedInterfaceOrientations = UIInterfaceOrientationPortrait;
				LD_RUNPATH_SEARCH_PATHS = (
					"$(inherited)",
					"@executable_path/../Frameworks",
				);
				MARKETING_VERSION = 1.0;
				PRODUCT_BUNDLE_IDENTIFIER = "com.prosultsstudio.XLIFF-Localizer-Testcases";
				PRODUCT_NAME = "$(TARGET_NAME)";
				SUPPORTED_PLATFORMS = "iphoneos iphonesimulator";
				SUPPORTS_MACCATALYST = NO;
				SWIFT_EMIT_LOC_STRINGS = YES;
				SWIFT_VERSION = 5.0;
				TARGETED_DEVICE_FAMILY = 1;
			};
			name = Release;
		};
/* End XCBuildConfiguration section */

/* Begin XCConfigurationList section */
		C1B742752B75F7FC003F84B7 /* Build configuration list for PBXProject "XLIFF Localizer Testcases" */ = {
			isa = XCConfigurationList;
			buildConfigurations = (
				C1B742872B75F805003F84B7 /* Debug */,
				C1B742882B75F805003F84B7 /* Release */,
			);
			defaultConfigurationIsVisible = 0;
			defaultConfigurationName = Release;
		};
		C1B742892B75F805003F84B7 /* Build configuration list for PBXNativeTarget "XLIFF Localizer Testcases" */ = {
			isa = XCConfigurationList;
			buildConfigurations = (
				C1B7428A2B75F805003F84B7 /* Debug */,
				C1B7428B2B75F805003F84B7 /* Release */,
			);
			defaultConfigurationIsVisible = 0;
			defaultConfigurationName = Release;
		};
/* End XCConfigurationList section */
	};
	rootObject = C1B742722B75F7FC003F84B7 /* Project object */;
}
